
Microsoft Visual Studio Solution File, Format Version 12.00
# Visual Studio Version 17
VisualStudioVersion = 17.2.32526.322
MinimumVisualStudioVersion = 10.0.40219.1
Project("{FAE04EC0-301F-11D3-BF4B-00C04F79EFBC}") = "Repetito", "Repetito\Repetito.csproj", "{52372228-941F-4E23-8A06-B8DF7D469D72}"
EndProject
Project("{FAE04EC0-301F-11D3-BF4B-00C04F79EFBC}") = "Repetito.Contracts", "Repetito.Contracts\Repetito.Contracts.csproj", "{05606BEC-6BF4-4288-9CE3-ABF344D1CCC5}"
EndProject
Project("{FAE04EC0-301F-11D3-BF4B-00C04F79EFBC}") = "Repetito.Domain", "Repetito.Domain\Repetito.Domain.csproj", "{A346BB47-7635-4E23-9956-956F17C45C38}"
EndProject
Project("{FAE04EC0-301F-11D3-BF4B-00C04F79EFBC}") = "Repetito.Infrastructure", "Repetito.Infrastructure\Repetito.Infrastructure.csproj", "{A3380BE5-2D2F-469B-9384-94ED21A59584}"
EndProject
Project("{FAE04EC0-301F-11D3-BF4B-00C04F79EFBC}") = "Repetito.Application", "Repetito.Application\Repetito.Application.csproj", "{FF4FE7BA-9DD3-46EE-9378-4277DA2100F4}"
EndProject
Global
	GlobalSection(SolutionConfigurationPlatforms) = preSolution
		Debug|Any CPU = Debug|Any CPU
		Release|Any CPU = Release|Any CPU
	EndGlobalSection
	GlobalSection(ProjectConfigurationPlatforms) = postSolution
		{52372228-941F-4E23-8A06-B8DF7D469D72}.Debug|Any CPU.ActiveCfg = Debug|Any CPU
		{52372228-941F-4E23-8A06-B8DF7D469D72}.Debug|Any CPU.Build.0 = Debug|Any CPU
		{52372228-941F-4E23-8A06-B8DF7D469D72}.Release|Any CPU.ActiveCfg = Release|Any CPU
		{52372228-941F-4E23-8A06-B8DF7D469D72}.Release|Any CPU.Build.0 = Release|Any CPU
		{05606BEC-6BF4-4288-9CE3-ABF344D1CCC5}.Debug|Any CPU.ActiveCfg = Debug|Any CPU
		{05606BEC-6BF4-4288-9CE3-ABF344D1CCC5}.Debug|Any CPU.Build.0 = Debug|Any CPU
		{05606BEC-6BF4-4288-9CE3-ABF344D1CCC5}.Release|Any CPU.ActiveCfg = Release|Any CPU
		{05606BEC-6BF4-4288-9CE3-ABF344D1CCC5}.Release|Any CPU.Build.0 = Release|Any CPU
		{A346BB47-7635-4E23-9956-956F17C45C38}.Debug|Any CPU.ActiveCfg = Debug|Any CPU
		{A346BB47-7635-4E23-9956-956F17C45C38}.Debug|Any CPU.Build.0 = Debug|Any CPU
		{A346BB47-7635-4E23-9956-956F17C45C38}.Release|Any CPU.ActiveCfg = Release|Any CPU
		{A346BB47-7635-4E23-9956-956F17C45C38}.Release|Any CPU.Build.0 = Release|Any CPU
		{A3380BE5-2D2F-469B-9384-94ED21A59584}.Debug|Any CPU.ActiveCfg = Debug|Any CPU
		{A3380BE5-2D2F-469B-9384-94ED21A59584}.Debug|Any CPU.Build.0 = Debug|Any CPU
		{A3380BE5-2D2F-469B-9384-94ED21A59584}.Release|Any CPU.ActiveCfg = Release|Any CPU
		{A3380BE5-2D2F-469B-9384-94ED21A59584}.Release|Any CPU.Build.0 = Release|Any CPU
		{FF4FE7BA-9DD3-46EE-9378-4277DA2100F4}.Debug|Any CPU.ActiveCfg = Debug|Any CPU
		{FF4FE7BA-9DD3-46EE-9378-4277DA2100F4}.Debug|Any CPU.Build.0 = Debug|Any CPU
		{FF4FE7BA-9DD3-46EE-9378-4277DA2100F4}.Release|Any CPU.ActiveCfg = Release|Any CPU
		{FF4FE7BA-9DD3-46EE-9378-4277DA2100F4}.Release|Any CPU.Build.0 = Release|Any CPU
	EndGlobalSection
	GlobalSection(SolutionProperties) = preSolution
		HideSolutionNode = FALSE
	EndGlobalSection
	GlobalSection(ExtensibilityGlobals) = postSolution
		SolutionGuid = {F1535C53-7F6A-4167-B5C3-B6E7611F4D5B}
	EndGlobalSection
EndGlobal
